
Microsoft Visual Studio Solution File, Format Version 12.00
# Visual Studio Version 17
VisualStudioVersion = 17.8.34511.84
MinimumVisualStudioVersion = 10.0.40219.1
Project("{9A19103F-16F7-4668-BE54-9A1E7A4F7556}") = "Practical 1", "Practical\Practical 1.csproj", "{F42D8115-62C2-44EE-B6D2-8AE577E2F87D}"
EndProject
Project("{9A19103F-16F7-4668-BE54-9A1E7A4F7556}") = "Practical 2", "Practical 2\Practical 2.csproj", "{BD73A112-351B-4223-829E-DAFC67D78691}"
EndProject
Project("{9A19103F-16F7-4668-BE54-9A1E7A4F7556}") = "Practical 3", "Practical 3\Practical 3.csproj", "{647B2A44-AC6E-42DC-9B3F-7226ABDAE312}"
EndProject
Project("{9A19103F-16F7-4668-BE54-9A1E7A4F7556}") = "Practical 4", "ConsoleApp1\Practical 4.csproj", "{1BDCBAA0-7517-4951-B44C-C88EC6E6A386}"
EndProject
Project("{9A19103F-16F7-4668-BE54-9A1E7A4F7556}") = "Practical 10", "ConsoleApp2\Practical 10.csproj", "{C2FB3D80-CE4C-4821-8AB0-287071209597}"
EndProject
Project("{9A19103F-16F7-4668-BE54-9A1E7A4F7556}") = "Practical 11", "ConsoleApp3\Practical 11.csproj", "{FF3A6E8E-ED41-4E98-8E8C-0C3AB5B38245}"
EndProject
Project("{9A19103F-16F7-4668-BE54-9A1E7A4F7556}") = "Practical 12", "ConsoleApp4\Practical 12.csproj", "{F852E397-BF96-48DF-A20D-2451ADD9B969}"
EndProject
Project("{9A19103F-16F7-4668-BE54-9A1E7A4F7556}") = "Practical 13", "ConsoleApp5\Practical 13.csproj", "{12E38554-9B09-4D9C-841B-4C9829503E4E}"
EndProject
Project("{9A19103F-16F7-4668-BE54-9A1E7A4F7556}") = "Practical 6", "ConsoleApp6\Practical 6.csproj", "{B0EA1CEE-B300-4160-9784-9DC9660CCF3E}"
EndProject
Project("{9A19103F-16F7-4668-BE54-9A1E7A4F7556}") = "Practical 7", "ConsoleApp7\Practical 7.csproj", "{2173740B-C96E-4772-827F-CCF1D37B4058}"
EndProject
Project("{9A19103F-16F7-4668-BE54-9A1E7A4F7556}") = "Practical 8", "ConsoleApp8\Practical 8.csproj", "{75CCE9A3-519B-48B0-9FBB-476478D4585C}"
EndProject
Project("{9A19103F-16F7-4668-BE54-9A1E7A4F7556}") = "Practical 9", "ConsoleApp9\Practical 9.csproj", "{5797A82A-324B-40F3-BF6A-6F52D5E857C4}"
EndProject
Project("{9A19103F-16F7-4668-BE54-9A1E7A4F7556}") = "Practical 5", "ConsoleApp10\Practical 5.csproj", "{1F254119-E9EA-4D82-BA49-301ECB1301AC}"
EndProject
Project("{9A19103F-16F7-4668-BE54-9A1E7A4F7556}") = "Question 8", "ProjectEulerrRun\Question 8.csproj", "{3B1CE230-A57B-402F-A660-7FB0C386FFD8}"
EndProject
Project("{9A19103F-16F7-4668-BE54-9A1E7A4F7556}") = "Question 1", "Question 1\Question 1.csproj", "{05FAC27A-0CC4-448F-B878-1EE0EDCA99E7}"
EndProject
Project("{9A19103F-16F7-4668-BE54-9A1E7A4F7556}") = "Question 2", "Question 2\Question 2.csproj", "{83DB4AD7-2F4B-48D5-83E5-840BFC95EFA8}"
EndProject
Project("{9A19103F-16F7-4668-BE54-9A1E7A4F7556}") = "Question 3", "Question 3\Question 3.csproj", "{BBB63CF3-EAD3-4F3B-B338-24A2D0B49183}"
EndProject
Project("{9A19103F-16F7-4668-BE54-9A1E7A4F7556}") = "Question 4", "Question 4\Question 4.csproj", "{9CE81BE0-6AF8-46D3-81D3-B1C9D4EB55E1}"
EndProject
Project("{9A19103F-16F7-4668-BE54-9A1E7A4F7556}") = "Question 5", "Question 5\Question 5.csproj", "{FB332419-6344-48EF-A7F6-2E1E602F7E02}"
EndProject
Project("{9A19103F-16F7-4668-BE54-9A1E7A4F7556}") = "Question 6", "Question 6\Question 6.csproj", "{AFEA75DD-8AEF-46C4-AE7D-DAF8F7CA4745}"
EndProject
Project("{9A19103F-16F7-4668-BE54-9A1E7A4F7556}") = "Question 7", "Question 7\Question 7.csproj", "{DBEC5BCD-21AB-4C65-9EEA-F00C162E63FF}"
EndProject
Project("{9A19103F-16F7-4668-BE54-9A1E7A4F7556}") = "Question 9", "Question 9\Question 9.csproj", "{47030D35-79FE-4A39-A124-33C49CF530C4}"
EndProject
Project("{9A19103F-16F7-4668-BE54-9A1E7A4F7556}") = "Question 10", "Question 10\Question 10.csproj", "{EC1BD110-D88C-407B-8726-FC38AACA6B19}"
EndProject
Project("{9A19103F-16F7-4668-BE54-9A1E7A4F7556}") = "Question 11", "Question 11\Question 11.csproj", "{EFA5BD22-499A-47C5-9D45-76E81971BE1F}"
EndProject
Project("{9A19103F-16F7-4668-BE54-9A1E7A4F7556}") = "Question 12", "Question 12\Question 12.csproj", "{F4934090-4E22-4931-96A3-97B4B6616659}"
EndProject
Project("{9A19103F-16F7-4668-BE54-9A1E7A4F7556}") = "Question 13", "Question 13\Question 13.csproj", "{0CC612B3-939E-4557-9748-9EB6647A2EEC}"
EndProject
Project("{9A19103F-16F7-4668-BE54-9A1E7A4F7556}") = "Question 14", "Question 14\Question 14.csproj", "{E85C5786-E2AD-4A1B-AD9B-279544147F2B}"
EndProject
Project("{9A19103F-16F7-4668-BE54-9A1E7A4F7556}") = "Question 15", "Question 15\Question 15.csproj", "{ED93FF1F-D205-45BF-9491-C36853DAEB1E}"
EndProject
Project("{9A19103F-16F7-4668-BE54-9A1E7A4F7556}") = "Question 16", "Question 16\Question 16.csproj", "{973F4D9B-3468-43BD-B508-80FE054AD39D}"
EndProject
Project("{9A19103F-16F7-4668-BE54-9A1E7A4F7556}") = "Question 17", "Question 17\Question 17.csproj", "{B856E16A-EA21-4D2F-AD3F-22A0A6710D76}"
EndProject
Project("{9A19103F-16F7-4668-BE54-9A1E7A4F7556}") = "Question 20", "Question 20\Question 20.csproj", "{37D0106C-AA2B-4EB4-9722-9F13001D5B59}"
EndProject
Project("{9A19103F-16F7-4668-BE54-9A1E7A4F7556}") = "Question 18", "Question 18\Question 18.csproj", "{E8008729-4507-40EB-8B01-F8B100E1BC0B}"
EndProject
Project("{9A19103F-16F7-4668-BE54-9A1E7A4F7556}") = "Question 19", "Question 19\Question 19.csproj", "{9AEBCF15-E5B5-41E5-A96B-357B6684575E}"
EndProject
Project("{9A19103F-16F7-4668-BE54-9A1E7A4F7556}") = "Question 21", "Question 21\Question 21.csproj", "{27418523-F652-488F-B3D1-15FE42ACFDBD}"
EndProject
Project("{9A19103F-16F7-4668-BE54-9A1E7A4F7556}") = "Question 22", "Question 22\Question 22.csproj", "{22B9B751-58E0-4525-BED9-F9FCF9057EC0}"
EndProject
Project("{9A19103F-16F7-4668-BE54-9A1E7A4F7556}") = "Question 23", "Question 23\Question 23.csproj", "{0D8B62E7-4092-4DDF-87C3-A347C0587211}"
EndProject
Project("{9A19103F-16F7-4668-BE54-9A1E7A4F7556}") = "Question 24", "Question 24\Question 24.csproj", "{AE4903AE-1C41-4316-ABA6-517AA88117A7}"
EndProject
Project("{9A19103F-16F7-4668-BE54-9A1E7A4F7556}") = "Question 25", "Question 25\Question 25.csproj", "{5D320B39-558A-43F5-9158-D2C3DAE7CE85}"
EndProject
Project("{9A19103F-16F7-4668-BE54-9A1E7A4F7556}") = "ConsoleApp11", "ConsoleApp11\ConsoleApp11.csproj", "{21E11EE1-6804-422A-8967-22C2976CB71D}"
EndProject
Project("{FAE04EC0-301F-11D3-BF4B-00C04F79EFBC}") = "Question 26", "Question 26\Question 26.csproj", "{23654768-5EDC-4F16-B6E5-466D074CC42A}"
EndProject
Project("{FAE04EC0-301F-11D3-BF4B-00C04F79EFBC}") = "Question 30", "Question 30\Question 30.csproj", "{8107AF14-4B2B-4453-8E60-38F515D8E7D8}"
EndProject
Project("{FAE04EC0-301F-11D3-BF4B-00C04F79EFBC}") = "Question 29", "Question 29\Question 29.csproj", "{2E8440CD-1194-420F-9BF8-6E2B4D098B9A}"
EndProject
Global
	GlobalSection(SolutionConfigurationPlatforms) = preSolution
		Debug|Any CPU = Debug|Any CPU
		Release|Any CPU = Release|Any CPU
	EndGlobalSection
	GlobalSection(ProjectConfigurationPlatforms) = postSolution
		{F42D8115-62C2-44EE-B6D2-8AE577E2F87D}.Debug|Any CPU.ActiveCfg = Debug|Any CPU
		{F42D8115-62C2-44EE-B6D2-8AE577E2F87D}.Debug|Any CPU.Build.0 = Debug|Any CPU
		{F42D8115-62C2-44EE-B6D2-8AE577E2F87D}.Release|Any CPU.ActiveCfg = Release|Any CPU
		{F42D8115-62C2-44EE-B6D2-8AE577E2F87D}.Release|Any CPU.Build.0 = Release|Any CPU
		{BD73A112-351B-4223-829E-DAFC67D78691}.Debug|Any CPU.ActiveCfg = Debug|Any CPU
		{BD73A112-351B-4223-829E-DAFC67D78691}.Debug|Any CPU.Build.0 = Debug|Any CPU
		{BD73A112-351B-4223-829E-DAFC67D78691}.Release|Any CPU.ActiveCfg = Release|Any CPU
		{BD73A112-351B-4223-829E-DAFC67D78691}.Release|Any CPU.Build.0 = Release|Any CPU
		{647B2A44-AC6E-42DC-9B3F-7226ABDAE312}.Debug|Any CPU.ActiveCfg = Debug|Any CPU
		{647B2A44-AC6E-42DC-9B3F-7226ABDAE312}.Debug|Any CPU.Build.0 = Debug|Any CPU
		{647B2A44-AC6E-42DC-9B3F-7226ABDAE312}.Release|Any CPU.ActiveCfg = Release|Any CPU
		{647B2A44-AC6E-42DC-9B3F-7226ABDAE312}.Release|Any CPU.Build.0 = Release|Any CPU
		{1BDCBAA0-7517-4951-B44C-C88EC6E6A386}.Debug|Any CPU.ActiveCfg = Debug|Any CPU
		{1BDCBAA0-7517-4951-B44C-C88EC6E6A386}.Debug|Any CPU.Build.0 = Debug|Any CPU
		{1BDCBAA0-7517-4951-B44C-C88EC6E6A386}.Release|Any CPU.ActiveCfg = Release|Any CPU
		{1BDCBAA0-7517-4951-B44C-C88EC6E6A386}.Release|Any CPU.Build.0 = Release|Any CPU
		{C2FB3D80-CE4C-4821-8AB0-287071209597}.Debug|Any CPU.ActiveCfg = Debug|Any CPU
		{C2FB3D80-CE4C-4821-8AB0-287071209597}.Debug|Any CPU.Build.0 = Debug|Any CPU
		{C2FB3D80-CE4C-4821-8AB0-287071209597}.Release|Any CPU.ActiveCfg = Release|Any CPU
		{C2FB3D80-CE4C-4821-8AB0-287071209597}.Release|Any CPU.Build.0 = Release|Any CPU
		{FF3A6E8E-ED41-4E98-8E8C-0C3AB5B38245}.Debug|Any CPU.ActiveCfg = Debug|Any CPU
		{FF3A6E8E-ED41-4E98-8E8C-0C3AB5B38245}.Debug|Any CPU.Build.0 = Debug|Any CPU
		{FF3A6E8E-ED41-4E98-8E8C-0C3AB5B38245}.Release|Any CPU.ActiveCfg = Release|Any CPU
		{FF3A6E8E-ED41-4E98-8E8C-0C3AB5B38245}.Release|Any CPU.Build.0 = Release|Any CPU
		{F852E397-BF96-48DF-A20D-2451ADD9B969}.Debug|Any CPU.ActiveCfg = Debug|Any CPU
		{F852E397-BF96-48DF-A20D-2451ADD9B969}.Debug|Any CPU.Build.0 = Debug|Any CPU
		{F852E397-BF96-48DF-A20D-2451ADD9B969}.Release|Any CPU.ActiveCfg = Release|Any CPU
		{F852E397-BF96-48DF-A20D-2451ADD9B969}.Release|Any CPU.Build.0 = Release|Any CPU
		{12E38554-9B09-4D9C-841B-4C9829503E4E}.Debug|Any CPU.ActiveCfg = Debug|Any CPU
		{12E38554-9B09-4D9C-841B-4C9829503E4E}.Debug|Any CPU.Build.0 = Debug|Any CPU
		{12E38554-9B09-4D9C-841B-4C9829503E4E}.Release|Any CPU.ActiveCfg = Release|Any CPU
		{12E38554-9B09-4D9C-841B-4C9829503E4E}.Release|Any CPU.Build.0 = Release|Any CPU
		{B0EA1CEE-B300-4160-9784-9DC9660CCF3E}.Debug|Any CPU.ActiveCfg = Debug|Any CPU
		{B0EA1CEE-B300-4160-9784-9DC9660CCF3E}.Debug|Any CPU.Build.0 = Debug|Any CPU
		{B0EA1CEE-B300-4160-9784-9DC9660CCF3E}.Release|Any CPU.ActiveCfg = Release|Any CPU
		{B0EA1CEE-B300-4160-9784-9DC9660CCF3E}.Release|Any CPU.Build.0 = Release|Any CPU
		{2173740B-C96E-4772-827F-CCF1D37B4058}.Debug|Any CPU.ActiveCfg = Debug|Any CPU
		{2173740B-C96E-4772-827F-CCF1D37B4058}.Debug|Any CPU.Build.0 = Debug|Any CPU
		{2173740B-C96E-4772-827F-CCF1D37B4058}.Release|Any CPU.ActiveCfg = Release|Any CPU
		{2173740B-C96E-4772-827F-CCF1D37B4058}.Release|Any CPU.Build.0 = Release|Any CPU
		{75CCE9A3-519B-48B0-9FBB-476478D4585C}.Debug|Any CPU.ActiveCfg = Debug|Any CPU
		{75CCE9A3-519B-48B0-9FBB-476478D4585C}.Debug|Any CPU.Build.0 = Debug|Any CPU
		{75CCE9A3-519B-48B0-9FBB-476478D4585C}.Release|Any CPU.ActiveCfg = Release|Any CPU
		{75CCE9A3-519B-48B0-9FBB-476478D4585C}.Release|Any CPU.Build.0 = Release|Any CPU
		{5797A82A-324B-40F3-BF6A-6F52D5E857C4}.Debug|Any CPU.ActiveCfg = Debug|Any CPU
		{5797A82A-324B-40F3-BF6A-6F52D5E857C4}.Debug|Any CPU.Build.0 = Debug|Any CPU
		{5797A82A-324B-40F3-BF6A-6F52D5E857C4}.Release|Any CPU.ActiveCfg = Release|Any CPU
		{5797A82A-324B-40F3-BF6A-6F52D5E857C4}.Release|Any CPU.Build.0 = Release|Any CPU
		{1F254119-E9EA-4D82-BA49-301ECB1301AC}.Debug|Any CPU.ActiveCfg = Debug|Any CPU
		{1F254119-E9EA-4D82-BA49-301ECB1301AC}.Debug|Any CPU.Build.0 = Debug|Any CPU
		{1F254119-E9EA-4D82-BA49-301ECB1301AC}.Release|Any CPU.ActiveCfg = Release|Any CPU
		{1F254119-E9EA-4D82-BA49-301ECB1301AC}.Release|Any CPU.Build.0 = Release|Any CPU
		{3B1CE230-A57B-402F-A660-7FB0C386FFD8}.Debug|Any CPU.ActiveCfg = Debug|Any CPU
		{3B1CE230-A57B-402F-A660-7FB0C386FFD8}.Debug|Any CPU.Build.0 = Debug|Any CPU
		{3B1CE230-A57B-402F-A660-7FB0C386FFD8}.Release|Any CPU.ActiveCfg = Release|Any CPU
		{3B1CE230-A57B-402F-A660-7FB0C386FFD8}.Release|Any CPU.Build.0 = Release|Any CPU
		{05FAC27A-0CC4-448F-B878-1EE0EDCA99E7}.Debug|Any CPU.ActiveCfg = Debug|Any CPU
		{05FAC27A-0CC4-448F-B878-1EE0EDCA99E7}.Debug|Any CPU.Build.0 = Debug|Any CPU
		{05FAC27A-0CC4-448F-B878-1EE0EDCA99E7}.Release|Any CPU.ActiveCfg = Release|Any CPU
		{05FAC27A-0CC4-448F-B878-1EE0EDCA99E7}.Release|Any CPU.Build.0 = Release|Any CPU
		{83DB4AD7-2F4B-48D5-83E5-840BFC95EFA8}.Debug|Any CPU.ActiveCfg = Debug|Any CPU
		{83DB4AD7-2F4B-48D5-83E5-840BFC95EFA8}.Debug|Any CPU.Build.0 = Debug|Any CPU
		{83DB4AD7-2F4B-48D5-83E5-840BFC95EFA8}.Release|Any CPU.ActiveCfg = Release|Any CPU
		{83DB4AD7-2F4B-48D5-83E5-840BFC95EFA8}.Release|Any CPU.Build.0 = Release|Any CPU
		{BBB63CF3-EAD3-4F3B-B338-24A2D0B49183}.Debug|Any CPU.ActiveCfg = Debug|Any CPU
		{BBB63CF3-EAD3-4F3B-B338-24A2D0B49183}.Debug|Any CPU.Build.0 = Debug|Any CPU
		{BBB63CF3-EAD3-4F3B-B338-24A2D0B49183}.Release|Any CPU.ActiveCfg = Release|Any CPU
		{BBB63CF3-EAD3-4F3B-B338-24A2D0B49183}.Release|Any CPU.Build.0 = Release|Any CPU
		{9CE81BE0-6AF8-46D3-81D3-B1C9D4EB55E1}.Debug|Any CPU.ActiveCfg = Debug|Any CPU
		{9CE81BE0-6AF8-46D3-81D3-B1C9D4EB55E1}.Debug|Any CPU.Build.0 = Debug|Any CPU
		{9CE81BE0-6AF8-46D3-81D3-B1C9D4EB55E1}.Release|Any CPU.ActiveCfg = Release|Any CPU
		{9CE81BE0-6AF8-46D3-81D3-B1C9D4EB55E1}.Release|Any CPU.Build.0 = Release|Any CPU
		{FB332419-6344-48EF-A7F6-2E1E602F7E02}.Debug|Any CPU.ActiveCfg = Debug|Any CPU
		{FB332419-6344-48EF-A7F6-2E1E602F7E02}.Debug|Any CPU.Build.0 = Debug|Any CPU
		{FB332419-6344-48EF-A7F6-2E1E602F7E02}.Release|Any CPU.ActiveCfg = Release|Any CPU
		{FB332419-6344-48EF-A7F6-2E1E602F7E02}.Release|Any CPU.Build.0 = Release|Any CPU
		{AFEA75DD-8AEF-46C4-AE7D-DAF8F7CA4745}.Debug|Any CPU.ActiveCfg = Debug|Any CPU
		{AFEA75DD-8AEF-46C4-AE7D-DAF8F7CA4745}.Debug|Any CPU.Build.0 = Debug|Any CPU
		{AFEA75DD-8AEF-46C4-AE7D-DAF8F7CA4745}.Release|Any CPU.ActiveCfg = Release|Any CPU
		{AFEA75DD-8AEF-46C4-AE7D-DAF8F7CA4745}.Release|Any CPU.Build.0 = Release|Any CPU
		{DBEC5BCD-21AB-4C65-9EEA-F00C162E63FF}.Debug|Any CPU.ActiveCfg = Debug|Any CPU
		{DBEC5BCD-21AB-4C65-9EEA-F00C162E63FF}.Debug|Any CPU.Build.0 = Debug|Any CPU
		{DBEC5BCD-21AB-4C65-9EEA-F00C162E63FF}.Release|Any CPU.ActiveCfg = Release|Any CPU
		{DBEC5BCD-21AB-4C65-9EEA-F00C162E63FF}.Release|Any CPU.Build.0 = Release|Any CPU
		{47030D35-79FE-4A39-A124-33C49CF530C4}.Debug|Any CPU.ActiveCfg = Debug|Any CPU
		{47030D35-79FE-4A39-A124-33C49CF530C4}.Debug|Any CPU.Build.0 = Debug|Any CPU
		{47030D35-79FE-4A39-A124-33C49CF530C4}.Release|Any CPU.ActiveCfg = Release|Any CPU
		{47030D35-79FE-4A39-A124-33C49CF530C4}.Release|Any CPU.Build.0 = Release|Any CPU
		{EC1BD110-D88C-407B-8726-FC38AACA6B19}.Debug|Any CPU.ActiveCfg = Debug|Any CPU
		{EC1BD110-D88C-407B-8726-FC38AACA6B19}.Debug|Any CPU.Build.0 = Debug|Any CPU
		{EC1BD110-D88C-407B-8726-FC38AACA6B19}.Release|Any CPU.ActiveCfg = Release|Any CPU
		{EC1BD110-D88C-407B-8726-FC38AACA6B19}.Release|Any CPU.Build.0 = Release|Any CPU
		{EFA5BD22-499A-47C5-9D45-76E81971BE1F}.Debug|Any CPU.ActiveCfg = Debug|Any CPU
		{EFA5BD22-499A-47C5-9D45-76E81971BE1F}.Debug|Any CPU.Build.0 = Debug|Any CPU
		{EFA5BD22-499A-47C5-9D45-76E81971BE1F}.Release|Any CPU.ActiveCfg = Release|Any CPU
		{EFA5BD22-499A-47C5-9D45-76E81971BE1F}.Release|Any CPU.Build.0 = Release|Any CPU
		{F4934090-4E22-4931-96A3-97B4B6616659}.Debug|Any CPU.ActiveCfg = Debug|Any CPU
		{F4934090-4E22-4931-96A3-97B4B6616659}.Debug|Any CPU.Build.0 = Debug|Any CPU
		{F4934090-4E22-4931-96A3-97B4B6616659}.Release|Any CPU.ActiveCfg = Release|Any CPU
		{F4934090-4E22-4931-96A3-97B4B6616659}.Release|Any CPU.Build.0 = Release|Any CPU
		{0CC612B3-939E-4557-9748-9EB6647A2EEC}.Debug|Any CPU.ActiveCfg = Debug|Any CPU
		{0CC612B3-939E-4557-9748-9EB6647A2EEC}.Debug|Any CPU.Build.0 = Debug|Any CPU
		{0CC612B3-939E-4557-9748-9EB6647A2EEC}.Release|Any CPU.ActiveCfg = Release|Any CPU
		{0CC612B3-939E-4557-9748-9EB6647A2EEC}.Release|Any CPU.Build.0 = Release|Any CPU
		{E85C5786-E2AD-4A1B-AD9B-279544147F2B}.Debug|Any CPU.ActiveCfg = Debug|Any CPU
		{E85C5786-E2AD-4A1B-AD9B-279544147F2B}.Debug|Any CPU.Build.0 = Debug|Any CPU
		{E85C5786-E2AD-4A1B-AD9B-279544147F2B}.Release|Any CPU.ActiveCfg = Release|Any CPU
		{E85C5786-E2AD-4A1B-AD9B-279544147F2B}.Release|Any CPU.Build.0 = Release|Any CPU
		{ED93FF1F-D205-45BF-9491-C36853DAEB1E}.Debug|Any CPU.ActiveCfg = Debug|Any CPU
		{ED93FF1F-D205-45BF-9491-C36853DAEB1E}.Debug|Any CPU.Build.0 = Debug|Any CPU
		{ED93FF1F-D205-45BF-9491-C36853DAEB1E}.Release|Any CPU.ActiveCfg = Release|Any CPU
		{ED93FF1F-D205-45BF-9491-C36853DAEB1E}.Release|Any CPU.Build.0 = Release|Any CPU
		{973F4D9B-3468-43BD-B508-80FE054AD39D}.Debug|Any CPU.ActiveCfg = Debug|Any CPU
		{973F4D9B-3468-43BD-B508-80FE054AD39D}.Debug|Any CPU.Build.0 = Debug|Any CPU
		{973F4D9B-3468-43BD-B508-80FE054AD39D}.Release|Any CPU.ActiveCfg = Release|Any CPU
		{973F4D9B-3468-43BD-B508-80FE054AD39D}.Release|Any CPU.Build.0 = Release|Any CPU
		{B856E16A-EA21-4D2F-AD3F-22A0A6710D76}.Debug|Any CPU.ActiveCfg = Debug|Any CPU
		{B856E16A-EA21-4D2F-AD3F-22A0A6710D76}.Debug|Any CPU.Build.0 = Debug|Any CPU
		{B856E16A-EA21-4D2F-AD3F-22A0A6710D76}.Release|Any CPU.ActiveCfg = Release|Any CPU
		{B856E16A-EA21-4D2F-AD3F-22A0A6710D76}.Release|Any CPU.Build.0 = Release|Any CPU
		{37D0106C-AA2B-4EB4-9722-9F13001D5B59}.Debug|Any CPU.ActiveCfg = Debug|Any CPU
		{37D0106C-AA2B-4EB4-9722-9F13001D5B59}.Debug|Any CPU.Build.0 = Debug|Any CPU
		{37D0106C-AA2B-4EB4-9722-9F13001D5B59}.Release|Any CPU.ActiveCfg = Release|Any CPU
		{37D0106C-AA2B-4EB4-9722-9F13001D5B59}.Release|Any CPU.Build.0 = Release|Any CPU
		{E8008729-4507-40EB-8B01-F8B100E1BC0B}.Debug|Any CPU.ActiveCfg = Debug|Any CPU
		{E8008729-4507-40EB-8B01-F8B100E1BC0B}.Debug|Any CPU.Build.0 = Debug|Any CPU
		{E8008729-4507-40EB-8B01-F8B100E1BC0B}.Release|Any CPU.ActiveCfg = Release|Any CPU
		{E8008729-4507-40EB-8B01-F8B100E1BC0B}.Release|Any CPU.Build.0 = Release|Any CPU
		{9AEBCF15-E5B5-41E5-A96B-357B6684575E}.Debug|Any CPU.ActiveCfg = Debug|Any CPU
		{9AEBCF15-E5B5-41E5-A96B-357B6684575E}.Debug|Any CPU.Build.0 = Debug|Any CPU
		{9AEBCF15-E5B5-41E5-A96B-357B6684575E}.Release|Any CPU.ActiveCfg = Release|Any CPU
		{9AEBCF15-E5B5-41E5-A96B-357B6684575E}.Release|Any CPU.Build.0 = Release|Any CPU
		{27418523-F652-488F-B3D1-15FE42ACFDBD}.Debug|Any CPU.ActiveCfg = Debug|Any CPU
		{27418523-F652-488F-B3D1-15FE42ACFDBD}.Debug|Any CPU.Build.0 = Debug|Any CPU
		{27418523-F652-488F-B3D1-15FE42ACFDBD}.Release|Any CPU.ActiveCfg = Release|Any CPU
		{27418523-F652-488F-B3D1-15FE42ACFDBD}.Release|Any CPU.Build.0 = Release|Any CPU
		{22B9B751-58E0-4525-BED9-F9FCF9057EC0}.Debug|Any CPU.ActiveCfg = Debug|Any CPU
		{22B9B751-58E0-4525-BED9-F9FCF9057EC0}.Debug|Any CPU.Build.0 = Debug|Any CPU
		{22B9B751-58E0-4525-BED9-F9FCF9057EC0}.Release|Any CPU.ActiveCfg = Release|Any CPU
		{22B9B751-58E0-4525-BED9-F9FCF9057EC0}.Release|Any CPU.Build.0 = Release|Any CPU
		{0D8B62E7-4092-4DDF-87C3-A347C0587211}.Debug|Any CPU.ActiveCfg = Debug|Any CPU
		{0D8B62E7-4092-4DDF-87C3-A347C0587211}.Debug|Any CPU.Build.0 = Debug|Any CPU
		{0D8B62E7-4092-4DDF-87C3-A347C0587211}.Release|Any CPU.ActiveCfg = Release|Any CPU
		{0D8B62E7-4092-4DDF-87C3-A347C0587211}.Release|Any CPU.Build.0 = Release|Any CPU
		{AE4903AE-1C41-4316-ABA6-517AA88117A7}.Debug|Any CPU.ActiveCfg = Debug|Any CPU
		{AE4903AE-1C41-4316-ABA6-517AA88117A7}.Debug|Any CPU.Build.0 = Debug|Any CPU
		{AE4903AE-1C41-4316-ABA6-517AA88117A7}.Release|Any CPU.ActiveCfg = Release|Any CPU
		{AE4903AE-1C41-4316-ABA6-517AA88117A7}.Release|Any CPU.Build.0 = Release|Any CPU
		{5D320B39-558A-43F5-9158-D2C3DAE7CE85}.Debug|Any CPU.ActiveCfg = Debug|Any CPU
		{5D320B39-558A-43F5-9158-D2C3DAE7CE85}.Debug|Any CPU.Build.0 = Debug|Any CPU
		{5D320B39-558A-43F5-9158-D2C3DAE7CE85}.Release|Any CPU.ActiveCfg = Release|Any CPU
		{5D320B39-558A-43F5-9158-D2C3DAE7CE85}.Release|Any CPU.Build.0 = Release|Any CPU
		{21E11EE1-6804-422A-8967-22C2976CB71D}.Debug|Any CPU.ActiveCfg = Debug|Any CPU
		{21E11EE1-6804-422A-8967-22C2976CB71D}.Debug|Any CPU.Build.0 = Debug|Any CPU
		{21E11EE1-6804-422A-8967-22C2976CB71D}.Release|Any CPU.ActiveCfg = Release|Any CPU
		{21E11EE1-6804-422A-8967-22C2976CB71D}.Release|Any CPU.Build.0 = Release|Any CPU
		{23654768-5EDC-4F16-B6E5-466D074CC42A}.Debug|Any CPU.ActiveCfg = Debug|Any CPU
		{23654768-5EDC-4F16-B6E5-466D074CC42A}.Debug|Any CPU.Build.0 = Debug|Any CPU
		{23654768-5EDC-4F16-B6E5-466D074CC42A}.Release|Any CPU.ActiveCfg = Release|Any CPU
		{23654768-5EDC-4F16-B6E5-466D074CC42A}.Release|Any CPU.Build.0 = Release|Any CPU
		{8107AF14-4B2B-4453-8E60-38F515D8E7D8}.Debug|Any CPU.ActiveCfg = Debug|Any CPU
		{8107AF14-4B2B-4453-8E60-38F515D8E7D8}.Debug|Any CPU.Build.0 = Debug|Any CPU
		{8107AF14-4B2B-4453-8E60-38F515D8E7D8}.Release|Any CPU.ActiveCfg = Release|Any CPU
		{8107AF14-4B2B-4453-8E60-38F515D8E7D8}.Release|Any CPU.Build.0 = Release|Any CPU
		{2E8440CD-1194-420F-9BF8-6E2B4D098B9A}.Debug|Any CPU.ActiveCfg = Debug|Any CPU
		{2E8440CD-1194-420F-9BF8-6E2B4D098B9A}.Debug|Any CPU.Build.0 = Debug|Any CPU
		{2E8440CD-1194-420F-9BF8-6E2B4D098B9A}.Release|Any CPU.ActiveCfg = Release|Any CPU
		{2E8440CD-1194-420F-9BF8-6E2B4D098B9A}.Release|Any CPU.Build.0 = Release|Any CPU
	EndGlobalSection
	GlobalSection(SolutionProperties) = preSolution
		HideSolutionNode = FALSE
	EndGlobalSection
	GlobalSection(ExtensibilityGlobals) = postSolution
		SolutionGuid = {A0F61734-3AB8-4FE6-B2F8-D1F06B51E299}
	EndGlobalSection
EndGlobal
